
Microsoft Visual Studio Solution File, Format Version 12.00
# Visual Studio 15
VisualStudioVersion = 15.0.27130.2026
MinimumVisualStudioVersion = 10.0.40219.1
Project("{FAE04EC0-301F-11D3-BF4B-00C04F79EFBC}") = "AreaPacker", "AreaPacker\AreaPacker.csproj", "{ECB5819B-3033-46E7-B1A5-DB8F5ACE19ED}"
EndProject
Global
	GlobalSection(SolutionConfigurationPlatforms) = preSolution
		Debug|Any CPU = Debug|Any CPU
		Release|Any CPU = Release|Any CPU
	EndGlobalSection
	GlobalSection(ProjectConfigurationPlatforms) = postSolution
		{ECB5819B-3033-46E7-B1A5-DB8F5ACE19ED}.Debug|Any CPU.ActiveCfg = Debug|Any CPU
		{ECB5819B-3033-46E7-B1A5-DB8F5ACE19ED}.Debug|Any CPU.Build.0 = Debug|Any CPU
		{ECB5819B-3033-46E7-B1A5-DB8F5ACE19ED}.Release|Any CPU.ActiveCfg = Release|Any CPU
		{ECB5819B-3033-46E7-B1A5-DB8F5ACE19ED}.Release|Any CPU.Build.0 = Release|Any CPU
	EndGlobalSection
	GlobalSection(SolutionProperties) = preSolution
		HideSolutionNode = FALSE
	EndGlobalSection
	GlobalSection(ExtensibilityGlobals) = postSolution
		SolutionGuid = {321E2930-58DD-48FE-9F8F-03401E18364E}
	EndGlobalSection
EndGlobal
